{
  "name": "interns-2024-game",
  "version": "1.0.0",
  "lockfileVersion": 3,
  "requires": true,
  "packages": {
    "": {
      "name": "interns-2024-game",
      "version": "1.0.0",
      "license": "ISC",
      "dependencies": {
        "maze-generation": "^3.1.2"
      }
    },
    "node_modules/maze-generation": {
      "version": "3.1.2",
      "resolved": "https://registry.npmjs.org/maze-generation/-/maze-generation-3.1.2.tgz",
      "integrity": "sha512-e/vg5M+J+EXh+Pdr5UGSbsJWyoWi1Iy046kHo95mMtiu51gOolEgqR7DRuMgaMgA2JEvkpE539wbySyoVEiwJw==",
      "dependencies": {
        "prando": "^6.0.1"
      }
    },
    "node_modules/prando": {
      "version": "6.0.1",
      "resolved": "https://registry.npmjs.org/prando/-/prando-6.0.1.tgz",
      "integrity": "sha512-ghUWxQ1T9IJmPu6eshc3VU0OwveUtXQ33ZLXYUcz1Oc5ppKLDXKp0TBDj6b0epwhEctzcQSNGR2iHyvQSn4W5A=="
    }
  }
}
